
Microsoft Visual Studio Solution File, Format Version 12.00
# Visual Studio 15
VisualStudioVersion = 15.0.28307.168
MinimumVisualStudioVersion = 10.0.40219.1
Project("{8BC9CEB8-8B4A-11D0-8D11-00A0C91BC942}") = "symdiff", "symdiff\symdiff.vcxproj", "{B8F9195B-CF5D-47DC-B9BA-8C21A472738E}"
EndProject
Project("{8BC9CEB8-8B4A-11D0-8D11-00A0C91BC942}") = "witutils", "witutils\witutils.vcxproj", "{6C290411-0E80-4EC5-BFAB-2A9206489474}"
EndProject
Global
	GlobalSection(SolutionConfigurationPlatforms) = preSolution
		Debug|x64 = Debug|x64
		Debug|x86 = Debug|x86
		Release|x64 = Release|x64
		Release|x86 = Release|x86
	EndGlobalSection
	GlobalSection(ProjectConfigurationPlatforms) = postSolution
		{B8F9195B-CF5D-47DC-B9BA-8C21A472738E}.Debug|x64.ActiveCfg = Debug|x64
		{B8F9195B-CF5D-47DC-B9BA-8C21A472738E}.Debug|x64.Build.0 = Debug|x64
		{B8F9195B-CF5D-47DC-B9BA-8C21A472738E}.Debug|x86.ActiveCfg = Debug|Win32
		{B8F9195B-CF5D-47DC-B9BA-8C21A472738E}.Debug|x86.Build.0 = Debug|Win32
		{B8F9195B-CF5D-47DC-B9BA-8C21A472738E}.Release|x64.ActiveCfg = Release|x64
		{B8F9195B-CF5D-47DC-B9BA-8C21A472738E}.Release|x64.Build.0 = Release|x64
		{B8F9195B-CF5D-47DC-B9BA-8C21A472738E}.Release|x86.ActiveCfg = Release|Win32
		{B8F9195B-CF5D-47DC-B9BA-8C21A472738E}.Release|x86.Build.0 = Release|Win32
		{6C290411-0E80-4EC5-BFAB-2A9206489474}.Debug|x64.ActiveCfg = Debug|x64
		{6C290411-0E80-4EC5-BFAB-2A9206489474}.Debug|x64.Build.0 = Debug|x64
		{6C290411-0E80-4EC5-BFAB-2A9206489474}.Debug|x86.ActiveCfg = Debug|Win32
		{6C290411-0E80-4EC5-BFAB-2A9206489474}.Debug|x86.Build.0 = Debug|Win32
		{6C290411-0E80-4EC5-BFAB-2A9206489474}.Release|x64.ActiveCfg = Release|x64
		{6C290411-0E80-4EC5-BFAB-2A9206489474}.Release|x64.Build.0 = Release|x64
		{6C290411-0E80-4EC5-BFAB-2A9206489474}.Release|x86.ActiveCfg = Release|Win32
		{6C290411-0E80-4EC5-BFAB-2A9206489474}.Release|x86.Build.0 = Release|Win32
	EndGlobalSection
	GlobalSection(SolutionProperties) = preSolution
		HideSolutionNode = FALSE
	EndGlobalSection
	GlobalSection(ExtensibilityGlobals) = postSolution
		SolutionGuid = {DA69A13B-598F-436D-BDBA-594495EAF67F}
	EndGlobalSection
EndGlobal
